// !$*UTF8*$!
{
	archiveVersion = 1;
	classes = {
	};
	objectVersion = 46;
	objects = {

/* Begin PBXBuildFile section */
		7BCD757B1E6ADE6E002669F3 /* AppDelegate.swift in Sources */ = {isa = PBXBuildFile; fileRef = 7BCD757A1E6ADE6E002669F3 /* AppDelegate.swift */; };
		7BCD757D1E6ADE6E002669F3 /* ViewController.swift in Sources */ = {isa = PBXBuildFile; fileRef = 7BCD757C1E6ADE6E002669F3 /* ViewController.swift */; };
		7BCD75801E6ADE6E002669F3 /* Main.storyboard in Resources */ = {isa = PBXBuildFile; fileRef = 7BCD757E1E6ADE6E002669F3 /* Main.storyboard */; };
		7BCD75821E6ADE6E002669F3 /* Assets.xcassets in Resources */ = {isa = PBXBuildFile; fileRef = 7BCD75811E6ADE6E002669F3 /* Assets.xcassets */; };
		7BCD75851E6ADE6E002669F3 /* LaunchScreen.storyboard in Resources */ = {isa = PBXBuildFile; fileRef = 7BCD75831E6ADE6E002669F3 /* LaunchScreen.storyboard */; };
		7BCD75901E6ADE6E002669F3 /* destroyTheWorld2Tests.swift in Sources */ = {isa = PBXBuildFile; fileRef = 7BCD758F1E6ADE6E002669F3 /* destroyTheWorld2Tests.swift */; };
		7BCD759B1E6ADE6E002669F3 /* destroyTheWorld2UITests.swift in Sources */ = {isa = PBXBuildFile; fileRef = 7BCD759A1E6ADE6E002669F3 /* destroyTheWorld2UITests.swift */; };
/* End PBXBuildFile section */

/* Begin PBXContainerItemProxy section */
		7BCD758C1E6ADE6E002669F3 /* PBXContainerItemProxy */ = {
			isa = PBXContainerItemProxy;
			containerPortal = 7BCD756F1E6ADE6E002669F3 /* Project object */;
			proxyType = 1;
			remoteGlobalIDString = 7BCD75761E6ADE6E002669F3;
			remoteInfo = destroyTheWorld2;
		};
		7BCD75971E6ADE6E002669F3 /* PBXContainerItemProxy */ = {
			isa = PBXContainerItemProxy;
			containerPortal = 7BCD756F1E6ADE6E002669F3 /* Project object */;
			proxyType = 1;
			remoteGlobalIDString = 7BCD75761E6ADE6E002669F3;
			remoteInfo = destroyTheWorld2;
		};
/* End PBXContainerItemProxy section */

/* Begin PBXFileReference section */
		7BCD75771E6ADE6E002669F3 /* destroyTheWorld2.app */ = {isa = PBXFileReference; explicitFileType = wrapper.application; includeInIndex = 0; path = destroyTheWorld2.app; sourceTree = BUILT_PRODUCTS_DIR; };
		7BCD757A1E6ADE6E002669F3 /* AppDelegate.swift */ = {isa = PBXFileReference; lastKnownFileType = sourcecode.swift; path = AppDelegate.swift; sourceTree = "<group>"; };
		7BCD757C1E6ADE6E002669F3 /* ViewController.swift */ = {isa = PBXFileReference; lastKnownFileType = sourcecode.swift; path = ViewController.swift; sourceTree = "<group>"; };
		7BCD757F1E6ADE6E002669F3 /* Base */ = {isa = PBXFileReference; lastKnownFileType = file.storyboard; name = Base; path = Base.lproj/Main.storyboard; sourceTree = "<group>"; };
		7BCD75811E6ADE6E002669F3 /* Assets.xcassets */ = {isa = PBXFileReference; lastKnownFileType = folder.assetcatalog; path = Assets.xcassets; sourceTree = "<group>"; };
		7BCD75841E6ADE6E002669F3 /* Base */ = {isa = PBXFileReference; lastKnownFileType = file.storyboard; name = Base; path = Base.lproj/LaunchScreen.storyboard; sourceTree = "<group>"; };
		7BCD75861E6ADE6E002669F3 /* Info.plist */ = {isa = PBXFileReference; lastKnownFileType = text.plist.xml; path = Info.plist; sourceTree = "<group>"; };
		7BCD758B1E6ADE6E002669F3 /* destroyTheWorld2Tests.xctest */ = {isa = PBXFileReference; explicitFileType = wrapper.cfbundle; includeInIndex = 0; path = destroyTheWorld2Tests.xctest; sourceTree = BUILT_PRODUCTS_DIR; };
		7BCD758F1E6ADE6E002669F3 /* destroyTheWorld2Tests.swift */ = {isa = PBXFileReference; lastKnownFileType = sourcecode.swift; path = destroyTheWorld2Tests.swift; sourceTree = "<group>"; };
		7BCD75911E6ADE6E002669F3 /* Info.plist */ = {isa = PBXFileReference; lastKnownFileType = text.plist.xml; path = Info.plist; sourceTree = "<group>"; };
		7BCD75961E6ADE6E002669F3 /* destroyTheWorld2UITests.xctest */ = {isa = PBXFileReference; explicitFileType = wrapper.cfbundle; includeInIndex = 0; path = destroyTheWorld2UITests.xctest; sourceTree = BUILT_PRODUCTS_DIR; };
		7BCD759A1E6ADE6E002669F3 /* destroyTheWorld2UITests.swift */ = {isa = PBXFileReference; lastKnownFileType = sourcecode.swift; path = destroyTheWorld2UITests.swift; sourceTree = "<group>"; };
		7BCD759C1E6ADE6E002669F3 /* Info.plist */ = {isa = PBXFileReference; lastKnownFileType = text.plist.xml; path = Info.plist; sourceTree = "<group>"; };
/* End PBXFileReference section */

/* Begin PBXFrameworksBuildPhase section */
		7BCD75741E6ADE6E002669F3 /* Frameworks */ = {
			isa = PBXFrameworksBuildPhase;
			buildActionMask = 2147483647;
			files = (
			);
			runOnlyForDeploymentPostprocessing = 0;
		};
		7BCD75881E6ADE6E002669F3 /* Frameworks */ = {
			isa = PBXFrameworksBuildPhase;
			buildActionMask = 2147483647;
			files = (
			);
			runOnlyForDeploymentPostprocessing = 0;
		};
		7BCD75931E6ADE6E002669F3 /* Frameworks */ = {
			isa = PBXFrameworksBuildPhase;
			buildActionMask = 2147483647;
			files = (
			);
			runOnlyForDeploymentPostprocessing = 0;
		};
/* End PBXFrameworksBuildPhase section */

/* Begin PBXGroup section */
		7BCD756E1E6ADE6E002669F3 = {
			isa = PBXGroup;
			children = (
				7BCD75791E6ADE6E002669F3 /* destroyTheWorld2 */,
				7BCD758E1E6ADE6E002669F3 /* destroyTheWorld2Tests */,
				7BCD75991E6ADE6E002669F3 /* destroyTheWorld2UITests */,
				7BCD75781E6ADE6E002669F3 /* Products */,
			);
			sourceTree = "<group>";
		};
		7BCD75781E6ADE6E002669F3 /* Products */ = {
			isa = PBXGroup;
			children = (
				7BCD75771E6ADE6E002669F3 /* destroyTheWorld2.app */,
				7BCD758B1E6ADE6E002669F3 /* destroyTheWorld2Tests.xctest */,
				7BCD75961E6ADE6E002669F3 /* destroyTheWorld2UITests.xctest */,
			);
			name = Products;
			sourceTree = "<group>";
		};
		7BCD75791E6ADE6E002669F3 /* destroyTheWorld2 */ = {
			isa = PBXGroup;
			children = (
				7BCD757A1E6ADE6E002669F3 /* AppDelegate.swift */,
				7BCD757C1E6ADE6E002669F3 /* ViewController.swift */,
				7BCD757E1E6ADE6E002669F3 /* Main.storyboard */,
				7BCD75811E6ADE6E002669F3 /* Assets.xcassets */,
				7BCD75831E6ADE6E002669F3 /* LaunchScreen.storyboard */,
				7BCD75861E6ADE6E002669F3 /* Info.plist */,
			);
			path = destroyTheWorld2;
			sourceTree = "<group>";
		};
		7BCD758E1E6ADE6E002669F3 /* destroyTheWorld2Tests */ = {
			isa = PBXGroup;
			children = (
				7BCD758F1E6ADE6E002669F3 /* destroyTheWorld2Tests.swift */,
				7BCD75911E6ADE6E002669F3 /* Info.plist */,
			);
			path = destroyTheWorld2Tests;
			sourceTree = "<group>";
		};
		7BCD75991E6ADE6E002669F3 /* destroyTheWorld2UITests */ = {
			isa = PBXGroup;
			children = (
				7BCD759A1E6ADE6E002669F3 /* destroyTheWorld2UITests.swift */,
				7BCD759C1E6ADE6E002669F3 /* Info.plist */,
			);
			path = destroyTheWorld2UITests;
			sourceTree = "<group>";
		};
/* End PBXGroup section */

/* Begin PBXNativeTarget section */
		7BCD75761E6ADE6E002669F3 /* destroyTheWorld2 */ = {
			isa = PBXNativeTarget;
			buildConfigurationList = 7BCD759F1E6ADE6E002669F3 /* Build configuration list for PBXNativeTarget "destroyTheWorld2" */;
			buildPhases = (
				7BCD75731E6ADE6E002669F3 /* Sources */,
				7BCD75741E6ADE6E002669F3 /* Frameworks */,
				7BCD75751E6ADE6E002669F3 /* Resources */,
			);
			buildRules = (
			);
			dependencies = (
			);
			name = destroyTheWorld2;
			productName = destroyTheWorld2;
			productReference = 7BCD75771E6ADE6E002669F3 /* destroyTheWorld2.app */;
			productType = "com.apple.product-type.application";
		};
		7BCD758A1E6ADE6E002669F3 /* destroyTheWorld2Tests */ = {
			isa = PBXNativeTarget;
			buildConfigurationList = 7BCD75A21E6ADE6E002669F3 /* Build configuration list for PBXNativeTarget "destroyTheWorld2Tests" */;
			buildPhases = (
				7BCD75871E6ADE6E002669F3 /* Sources */,
				7BCD75881E6ADE6E002669F3 /* Frameworks */,
				7BCD75891E6ADE6E002669F3 /* Resources */,
			);
			buildRules = (
			);
			dependencies = (
				7BCD758D1E6ADE6E002669F3 /* PBXTargetDependency */,
			);
			name = destroyTheWorld2Tests;
			productName = destroyTheWorld2Tests;
			productReference = 7BCD758B1E6ADE6E002669F3 /* destroyTheWorld2Tests.xctest */;
			productType = "com.apple.product-type.bundle.unit-test";
		};
		7BCD75951E6ADE6E002669F3 /* destroyTheWorld2UITests */ = {
			isa = PBXNativeTarget;
			buildConfigurationList = 7BCD75A51E6ADE6E002669F3 /* Build configuration list for PBXNativeTarget "destroyTheWorld2UITests" */;
			buildPhases = (
				7BCD75921E6ADE6E002669F3 /* Sources */,
				7BCD75931E6ADE6E002669F3 /* Frameworks */,
				7BCD75941E6ADE6E002669F3 /* Resources */,
			);
			buildRules = (
			);
			dependencies = (
				7BCD75981E6ADE6E002669F3 /* PBXTargetDependency */,
			);
			name = destroyTheWorld2UITests;
			productName = destroyTheWorld2UITests;
			productReference = 7BCD75961E6ADE6E002669F3 /* destroyTheWorld2UITests.xctest */;
			productType = "com.apple.product-type.bundle.ui-testing";
		};
/* End PBXNativeTarget section */

/* Begin PBXProject section */
		7BCD756F1E6ADE6E002669F3 /* Project object */ = {
			isa = PBXProject;
			attributes = {
				LastSwiftUpdateCheck = 0820;
				LastUpgradeCheck = 0820;
				ORGANIZATIONNAME = "Habibur Rahman";
				TargetAttributes = {
					7BCD75761E6ADE6E002669F3 = {
						CreatedOnToolsVersion = 8.2.1;
						ProvisioningStyle = Automatic;
					};
					7BCD758A1E6ADE6E002669F3 = {
						CreatedOnToolsVersion = 8.2.1;
						ProvisioningStyle = Automatic;
						TestTargetID = 7BCD75761E6ADE6E002669F3;
					};
					7BCD75951E6ADE6E002669F3 = {
						CreatedOnToolsVersion = 8.2.1;
						ProvisioningStyle = Automatic;
						TestTargetID = 7BCD75761E6ADE6E002669F3;
					};
				};
			};
			buildConfigurationList = 7BCD75721E6ADE6E002669F3 /* Build configuration list for PBXProject "destroyTheWorld2" */;
			compatibilityVersion = "Xcode 3.2";
			developmentRegion = English;
			hasScannedForEncodings = 0;
			knownRegions = (
				en,
				Base,
			);
			mainGroup = 7BCD756E1E6ADE6E002669F3;
			productRefGroup = 7BCD75781E6ADE6E002669F3 /* Products */;
			projectDirPath = "";
			projectRoot = "";
			targets = (
				7BCD75761E6ADE6E002669F3 /* destroyTheWorld2 */,
				7BCD758A1E6ADE6E002669F3 /* destroyTheWorld2Tests */,
				7BCD75951E6ADE6E002669F3 /* destroyTheWorld2UITests */,
			);
		};
/* End PBXProject section */

/* Begin PBXResourcesBuildPhase section */
		7BCD75751E6ADE6E002669F3 /* Resources */ = {
			isa = PBXResourcesBuildPhase;
			buildActionMask = 2147483647;
			files = (
				7BCD75851E6ADE6E002669F3 /* LaunchScreen.storyboard in Resources */,
				7BCD75821E6ADE6E002669F3 /* Assets.xcassets in Resources */,
				7BCD75801E6ADE6E002669F3 /* Main.storyboard in Resources */,
			);
			runOnlyForDeploymentPostprocessing = 0;
		};
		7BCD75891E6ADE6E002669F3 /* Resources */ = {
			isa = PBXResourcesBuildPhase;
			buildActionMask = 2147483647;
			files = (
			);
			runOnlyForDeploymentPostprocessing = 0;
		};
		7BCD75941E6ADE6E002669F3 /* Resources */ = {
			isa = PBXResourcesBuildPhase;
			buildActionMask = 2147483647;
			files = (
			);
			runOnlyForDeploymentPostprocessing = 0;
		};
/* End PBXResourcesBuildPhase section */

/* Begin PBXSourcesBuildPhase section */
		7BCD75731E6ADE6E002669F3 /* Sources */ = {
			isa = PBXSourcesBuildPhase;
			buildActionMask = 2147483647;
			files = (
				7BCD757D1E6ADE6E002669F3 /* ViewController.swift in Sources */,
				7BCD757B1E6ADE6E002669F3 /* AppDelegate.swift in Sources */,
			);
			runOnlyForDeploymentPostprocessing = 0;
		};
		7BCD75871E6ADE6E002669F3 /* Sources */ = {
			isa = PBXSourcesBuildPhase;
			buildActionMask = 2147483647;
			files = (
				7BCD75901E6ADE6E002669F3 /* destroyTheWorld2Tests.swift in Sources */,
			);
			runOnlyForDeploymentPostprocessing = 0;
		};
		7BCD75921E6ADE6E002669F3 /* Sources */ = {
			isa = PBXSourcesBuildPhase;
			buildActionMask = 2147483647;
			files = (
				7BCD759B1E6ADE6E002669F3 /* destroyTheWorld2UITests.swift in Sources */,
			);
			runOnlyForDeploymentPostprocessing = 0;
		};
/* End PBXSourcesBuildPhase section */

/* Begin PBXTargetDependency section */
		7BCD758D1E6ADE6E002669F3 /* PBXTargetDependency */ = {
			isa = PBXTargetDependency;
			target = 7BCD75761E6ADE6E002669F3 /* destroyTheWorld2 */;
			targetProxy = 7BCD758C1E6ADE6E002669F3 /* PBXContainerItemProxy */;
		};
		7BCD75981E6ADE6E002669F3 /* PBXTargetDependency */ = {
			isa = PBXTargetDependency;
			target = 7BCD75761E6ADE6E002669F3 /* destroyTheWorld2 */;
			targetProxy = 7BCD75971E6ADE6E002669F3 /* PBXContainerItemProxy */;
		};
/* End PBXTargetDependency section */

/* Begin PBXVariantGroup section */
		7BCD757E1E6ADE6E002669F3 /* Main.storyboard */ = {
			isa = PBXVariantGroup;
			children = (
				7BCD757F1E6ADE6E002669F3 /* Base */,
			);
			name = Main.storyboard;
			sourceTree = "<group>";
		};
		7BCD75831E6ADE6E002669F3 /* LaunchScreen.storyboard */ = {
			isa = PBXVariantGroup;
			children = (
				7BCD75841E6ADE6E002669F3 /* Base */,
			);
			name = LaunchScreen.storyboard;
			sourceTree = "<group>";
		};
/* End PBXVariantGroup section */

/* Begin XCBuildConfiguration section */
		7BCD759D1E6ADE6E002669F3 /* Debug */ = {
			isa = XCBuildConfiguration;
			buildSettings = {
				ALWAYS_SEARCH_USER_PATHS = NO;
				CLANG_ANALYZER_NONNULL = YES;
				CLANG_CXX_LANGUAGE_STANDARD = "gnu++0x";
				CLANG_CXX_LIBRARY = "libc++";
				CLANG_ENABLE_MODULES = YES;
				CLANG_ENABLE_OBJC_ARC = YES;
				CLANG_WARN_BOOL_CONVERSION = YES;
				CLANG_WARN_CONSTANT_CONVERSION = YES;
				CLANG_WARN_DIRECT_OBJC_ISA_USAGE = YES_ERROR;
				CLANG_WARN_DOCUMENTATION_COMMENTS = YES;
				CLANG_WARN_EMPTY_BODY = YES;
				CLANG_WARN_ENUM_CONVERSION = YES;
				CLANG_WARN_INFINITE_RECURSION = YES;
				CLANG_WARN_INT_CONVERSION = YES;
				CLANG_WARN_OBJC_ROOT_CLASS = YES_ERROR;
				CLANG_WARN_SUSPICIOUS_MOVE = YES;
				CLANG_WARN_UNREACHABLE_CODE = YES;
				CLANG_WARN__DUPLICATE_METHOD_MATCH = YES;
				"CODE_SIGN_IDENTITY[sdk=iphoneos*]" = "iPhone Developer";
				COPY_PHASE_STRIP = NO;
				DEBUG_INFORMATION_FORMAT = dwarf;
				ENABLE_STRICT_OBJC_MSGSEND = YES;
				ENABLE_TESTABILITY = YES;
				GCC_C_LANGUAGE_STANDARD = gnu99;
				GCC_DYNAMIC_NO_PIC = NO;
				GCC_NO_COMMON_BLOCKS = YES;
				GCC_OPTIMIZATION_LEVEL = 0;
				GCC_PREPROCESSOR_DEFINITIONS = (
					"DEBUG=1",
					"$(inherited)",
				);
				GCC_WARN_64_TO_32_BIT_CONVERSION = YES;
				GCC_WARN_ABOUT_RETURN_TYPE = YES_ERROR;
				GCC_WARN_UNDECLARED_SELECTOR = YES;
				GCC_WARN_UNINITIALIZED_AUTOS = YES_AGGRESSIVE;
				GCC_WARN_UNUSED_FUNCTION = YES;
				GCC_WARN_UNUSED_VARIABLE = YES;
				IPHONEOS_DEPLOYMENT_TARGET = 10.2;
				MTL_ENABLE_DEBUG_INFO = YES;
				ONLY_ACTIVE_ARCH = YES;
				SDKROOT = iphoneos;
				SWIFT_ACTIVE_COMPILATION_CONDITIONS = DEBUG;
				SWIFT_OPTIMIZATION_LEVEL = "-Onone";
				TARGETED_DEVICE_FAMILY = "1,2";
			};
			name = Debug;
		};
		7BCD759E1E6ADE6E002669F3 /* Release */ = {
			isa = XCBuildConfiguration;
			buildSettings = {
				ALWAYS_SEARCH_USER_PATHS = NO;
				CLANG_ANALYZER_NONNULL = YES;
				CLANG_CXX_LANGUAGE_STANDARD = "gnu++0x";
				CLANG_CXX_LIBRARY = "libc++";
				CLANG_ENABLE_MODULES = YES;
				CLANG_ENABLE_OBJC_ARC = YES;
				CLANG_WARN_BOOL_CONVERSION = YES;
				CLANG_WARN_CONSTANT_CONVERSION = YES;
				CLANG_WARN_DIRECT_OBJC_ISA_USAGE = YES_ERROR;
				CLANG_WARN_DOCUMENTATION_COMMENTS = YES;
				CLANG_WARN_EMPTY_BODY = YES;
				CLANG_WARN_ENUM_CONVERSION = YES;
				CLANG_WARN_INFINITE_RECURSION = YES;
				CLANG_WARN_INT_CONVERSION = YES;
				CLANG_WARN_OBJC_ROOT_CLASS = YES_ERROR;
				CLANG_WARN_SUSPICIOUS_MOVE = YES;
				CLANG_WARN_UNREACHABLE_CODE = YES;
				CLANG_WARN__DUPLICATE_METHOD_MATCH = YES;
				"CODE_SIGN_IDENTITY[sdk=iphoneos*]" = "iPhone Developer";
				COPY_PHASE_STRIP = NO;
				DEBUG_INFORMATION_FORMAT = "dwarf-with-dsym";
				ENABLE_NS_ASSERTIONS = NO;
				ENABLE_STRICT_OBJC_MSGSEND = YES;
				GCC_C_LANGUAGE_STANDARD = gnu99;
				GCC_NO_COMMON_BLOCKS = YES;
				GCC_WARN_64_TO_32_BIT_CONVERSION = YES;
				GCC_WARN_ABOUT_RETURN_TYPE = YES_ERROR;
				GCC_WARN_UNDECLARED_SELECTOR = YES;
				GCC_WARN_UNINITIALIZED_AUTOS = YES_AGGRESSIVE;
				GCC_WARN_UNUSED_FUNCTION = YES;
				GCC_WARN_UNUSED_VARIABLE = YES;
				IPHONEOS_DEPLOYMENT_TARGET = 10.2;
				MTL_ENABLE_DEBUG_INFO = NO;
				SDKROOT = iphoneos;
				SWIFT_OPTIMIZATION_LEVEL = "-Owholemodule";
				TARGETED_DEVICE_FAMILY = "1,2";
				VALIDATE_PRODUCT = YES;
			};
			name = Release;
		};
		7BCD75A01E6ADE6E002669F3 /* Debug */ = {
			isa = XCBuildConfiguration;
			buildSettings = {
				ASSETCATALOG_COMPILER_APPICON_NAME = AppIcon;
				INFOPLIST_FILE = destroyTheWorld2/Info.plist;
				LD_RUNPATH_SEARCH_PATHS = "$(inherited) @executable_path/Frameworks";
				PRODUCT_BUNDLE_IDENTIFIER = com.habibur.destroyTheWorld2;
				PRODUCT_NAME = "$(TARGET_NAME)";
				SWIFT_VERSION = 3.0;
			};
			name = Debug;
		};
		7BCD75A11E6ADE6E002669F3 /* Release */ = {
			isa = XCBuildConfiguration;
			buildSettings = {
				ASSETCATALOG_COMPILER_APPICON_NAME = AppIcon;
				INFOPLIST_FILE = destroyTheWorld2/Info.plist;
				LD_RUNPATH_SEARCH_PATHS = "$(inherited) @executable_path/Frameworks";
				PRODUCT_BUNDLE_IDENTIFIER = com.habibur.destroyTheWorld2;
				PRODUCT_NAME = "$(TARGET_NAME)";
				SWIFT_VERSION = 3.0;
			};
			name = Release;
		};
		7BCD75A31E6ADE6E002669F3 /* Debug */ = {
			isa = XCBuildConfiguration;
			buildSettings = {
				ALWAYS_EMBED_SWIFT_STANDARD_LIBRARIES = YES;
				BUNDLE_LOADER = "$(TEST_HOST)";
				INFOPLIST_FILE = destroyTheWorld2Tests/Info.plist;
				LD_RUNPATH_SEARCH_PATHS = "$(inherited) @executable_path/Frameworks @loader_path/Frameworks";
				PRODUCT_BUNDLE_IDENTIFIER = com.habibur.destroyTheWorld2Tests;
				PRODUCT_NAME = "$(TARGET_NAME)";
				SWIFT_VERSION = 3.0;
				TEST_HOST = "$(BUILT_PRODUCTS_DIR)/destroyTheWorld2.app/destroyTheWorld2";
			};
			name = Debug;
		};
		7BCD75A41E6ADE6E002669F3 /* Release */ = {
			isa = XCBuildConfiguration;
			buildSettings = {
				ALWAYS_EMBED_SWIFT_STANDARD_LIBRARIES = YES;
				BUNDLE_LOADER = "$(TEST_HOST)";
				INFOPLIST_FILE = destroyTheWorld2Tests/Info.plist;
				LD_RUNPATH_SEARCH_PATHS = "$(inherited) @executable_path/Frameworks @loader_path/Frameworks";
				PRODUCT_BUNDLE_IDENTIFIER = com.habibur.destroyTheWorld2Tests;
				PRODUCT_NAME = "$(TARGET_NAME)";
				SWIFT_VERSION = 3.0;
				TEST_HOST = "$(BUILT_PRODUCTS_DIR)/destroyTheWorld2.app/destroyTheWorld2";
			};
			name = Release;
		};
		7BCD75A61E6ADE6E002669F3 /* Debug */ = {
			isa = XCBuildConfiguration;
			buildSettings = {
				ALWAYS_EMBED_SWIFT_STANDARD_LIBRARIES = YES;
				INFOPLIST_FILE = destroyTheWorld2UITests/Info.plist;
				LD_RUNPATH_SEARCH_PATHS = "$(inherited) @executable_path/Frameworks @loader_path/Frameworks";
				PRODUCT_BUNDLE_IDENTIFIER = com.habibur.destroyTheWorld2UITests;
				PRODUCT_NAME = "$(TARGET_NAME)";
				SWIFT_VERSION = 3.0;
				TEST_TARGET_NAME = destroyTheWorld2;
			};
			name = Debug;
		};
		7BCD75A71E6ADE6E002669F3 /* Release */ = {
			isa = XCBuildConfiguration;
			buildSettings = {
				ALWAYS_EMBED_SWIFT_STANDARD_LIBRARIES = YES;
				INFOPLIST_FILE = destroyTheWorld2UITests/Info.plist;
				LD_RUNPATH_SEARCH_PATHS = "$(inherited) @executable_path/Frameworks @loader_path/Frameworks";
				PRODUCT_BUNDLE_IDENTIFIER = com.habibur.destroyTheWorld2UITests;
				PRODUCT_NAME = "$(TARGET_NAME)";
				SWIFT_VERSION = 3.0;
				TEST_TARGET_NAME = destroyTheWorld2;
			};
			name = Release;
		};
/* End XCBuildConfiguration section */

/* Begin XCConfigurationList section */
		7BCD75721E6ADE6E002669F3 /* Build configuration list for PBXProject "destroyTheWorld2" */ = {
			isa = XCConfigurationList;
			buildConfigurations = (
				7BCD759D1E6ADE6E002669F3 /* Debug */,
				7BCD759E1E6ADE6E002669F3 /* Release */,
			);
			defaultConfigurationIsVisible = 0;
			defaultConfigurationName = Release;
		};
		7BCD759F1E6ADE6E002669F3 /* Build configuration list for PBXNativeTarget "destroyTheWorld2" */ = {
			isa = XCConfigurationList;
			buildConfigurations = (
				7BCD75A01E6ADE6E002669F3 /* Debug */,
				7BCD75A11E6ADE6E002669F3 /* Release */,
			);
			defaultConfigurationIsVisible = 0;
		};
		7BCD75A21E6ADE6E002669F3 /* Build configuration list for PBXNativeTarget "destroyTheWorld2Tests" */ = {
			isa = XCConfigurationList;
			buildConfigurations = (
				7BCD75A31E6ADE6E002669F3 /* Debug */,
				7BCD75A41E6ADE6E002669F3 /* Release */,
			);
			defaultConfigurationIsVisible = 0;
		};
		7BCD75A51E6ADE6E002669F3 /* Build configuration list for PBXNativeTarget "destroyTheWorld2UITests" */ = {
			isa = XCConfigurationList;
			buildConfigurations = (
				7BCD75A61E6ADE6E002669F3 /* Debug */,
				7BCD75A71E6ADE6E002669F3 /* Release */,
			);
			defaultConfigurationIsVisible = 0;
		};
/* End XCConfigurationList section */
	};
	rootObject = 7BCD756F1E6ADE6E002669F3 /* Project object */;
}
